// !$*UTF8*$!
{
	archiveVersion = 1;
	classes = {
	};
	objectVersion = 46;
	objects = {

/* Begin PBXBuildFile section */
		3F0BD4E018FF1104001A57D7 /* Music01.caf in Resources */ = {isa = PBXBuildFile; fileRef = 3F0BD4DF18FF1104001A57D7 /* Music01.caf */; };
		3F0BD4E518FF120A001A57D7 /* button-fwd.caf in Resources */ = {isa = PBXBuildFile; fileRef = 3F0BD4E118FF120A001A57D7 /* button-fwd.caf */; };
		3F0BD4E618FF120A001A57D7 /* button-back.caf in Resources */ = {isa = PBXBuildFile; fileRef = 3F0BD4E218FF120A001A57D7 /* button-back.caf */; };
		3F0BD4E718FF120A001A57D7 /* grav-down.caf in Resources */ = {isa = PBXBuildFile; fileRef = 3F0BD4E318FF120A001A57D7 /* grav-down.caf */; };
		3F0BD4E818FF120A001A57D7 /* grav-up.caf in Resources */ = {isa = PBXBuildFile; fileRef = 3F0BD4E418FF120A001A57D7 /* grav-up.caf */; };
		3FCB75C618EB1C8300FCCA6E /* Foundation.framework in Frameworks */ = {isa = PBXBuildFile; fileRef = 3FCB75C518EB1C8300FCCA6E /* Foundation.framework */; };
		3FCB75C818EB1C8300FCCA6E /* CoreGraphics.framework in Frameworks */ = {isa = PBXBuildFile; fileRef = 3FCB75C718EB1C8300FCCA6E /* CoreGraphics.framework */; };
		3FCB75CA18EB1C8300FCCA6E /* UIKit.framework in Frameworks */ = {isa = PBXBuildFile; fileRef = 3FCB75C918EB1C8300FCCA6E /* UIKit.framework */; };
		3FCB75CC18EB1C8300FCCA6E /* SpriteKit.framework in Frameworks */ = {isa = PBXBuildFile; fileRef = 3FCB75CB18EB1C8300FCCA6E /* SpriteKit.framework */; };
		3FCB75D218EB1C8300FCCA6E /* InfoPlist.strings in Resources */ = {isa = PBXBuildFile; fileRef = 3FCB75D018EB1C8300FCCA6E /* InfoPlist.strings */; };
		3FCB75D418EB1C8300FCCA6E /* main.m in Sources */ = {isa = PBXBuildFile; fileRef = 3FCB75D318EB1C8300FCCA6E /* main.m */; };
		3FCB75D818EB1C8300FCCA6E /* SLCAppDelegate.m in Sources */ = {isa = PBXBuildFile; fileRef = 3FCB75D718EB1C8300FCCA6E /* SLCAppDelegate.m */; };
		3FCB75DB18EB1C8300FCCA6E /* Main.storyboard in Resources */ = {isa = PBXBuildFile; fileRef = 3FCB75D918EB1C8300FCCA6E /* Main.storyboard */; };
		3FCB75DE18EB1C8300FCCA6E /* SLCViewController.m in Sources */ = {isa = PBXBuildFile; fileRef = 3FCB75DD18EB1C8300FCCA6E /* SLCViewController.m */; };
		3FCB75E118EB1C8300FCCA6E /* SLCMyScene.m in Sources */ = {isa = PBXBuildFile; fileRef = 3FCB75E018EB1C8300FCCA6E /* SLCMyScene.m */; };
		3FCB75E518EB1C8300FCCA6E /* Images.xcassets in Resources */ = {isa = PBXBuildFile; fileRef = 3FCB75E418EB1C8300FCCA6E /* Images.xcassets */; };
		3FCB75EC18EB1C8300FCCA6E /* XCTest.framework in Frameworks */ = {isa = PBXBuildFile; fileRef = 3FCB75EB18EB1C8300FCCA6E /* XCTest.framework */; };
		3FCB75ED18EB1C8300FCCA6E /* Foundation.framework in Frameworks */ = {isa = PBXBuildFile; fileRef = 3FCB75C518EB1C8300FCCA6E /* Foundation.framework */; };
		3FCB75EE18EB1C8300FCCA6E /* UIKit.framework in Frameworks */ = {isa = PBXBuildFile; fileRef = 3FCB75C918EB1C8300FCCA6E /* UIKit.framework */; };
		3FCB75F618EB1C8300FCCA6E /* InfoPlist.strings in Resources */ = {isa = PBXBuildFile; fileRef = 3FCB75F418EB1C8300FCCA6E /* InfoPlist.strings */; };
		3FCB75F818EB1C8300FCCA6E /* GravityRunnerTests.m in Sources */ = {isa = PBXBuildFile; fileRef = 3FCB75F718EB1C8300FCCA6E /* GravityRunnerTests.m */; };
		3FCB760618EB1DAD00FCCA6E /* JSTileMap.m in Sources */ = {isa = PBXBuildFile; fileRef = 3FCB760318EB1DAD00FCCA6E /* JSTileMap.m */; };
		3FCB760718EB1DAD00FCCA6E /* LFCGzipUtility.m in Sources */ = {isa = PBXBuildFile; fileRef = 3FCB760518EB1DAD00FCCA6E /* LFCGzipUtility.m */; };
		3FCB761A18EB1DD600FCCA6E /* SKAction+SKTExtras.m in Sources */ = {isa = PBXBuildFile; fileRef = 3FCB760A18EB1DD600FCCA6E /* SKAction+SKTExtras.m */; };
		3FCB761B18EB1DD600FCCA6E /* SKAction+SKTSpecialEffects.m in Sources */ = {isa = PBXBuildFile; fileRef = 3FCB760C18EB1DD600FCCA6E /* SKAction+SKTSpecialEffects.m */; };
		3FCB761C18EB1DD600FCCA6E /* SKEmitterNode+SKTExtras.m in Sources */ = {isa = PBXBuildFile; fileRef = 3FCB760E18EB1DD600FCCA6E /* SKEmitterNode+SKTExtras.m */; };
		3FCB761D18EB1DD600FCCA6E /* SKNode+SKTDebugDraw.m in Sources */ = {isa = PBXBuildFile; fileRef = 3FCB761018EB1DD600FCCA6E /* SKNode+SKTDebugDraw.m */; };
		3FCB761E18EB1DD600FCCA6E /* SKNode+SKTExtras.m in Sources */ = {isa = PBXBuildFile; fileRef = 3FCB761218EB1DD600FCCA6E /* SKNode+SKTExtras.m */; };
		3FCB761F18EB1DD600FCCA6E /* SKTAudio.m in Sources */ = {isa = PBXBuildFile; fileRef = 3FCB761418EB1DD600FCCA6E /* SKTAudio.m */; };
		3FCB762018EB1DD600FCCA6E /* SKTEffects.m in Sources */ = {isa = PBXBuildFile; fileRef = 3FCB761618EB1DD600FCCA6E /* SKTEffects.m */; };
		3FCB762118EB1DD600FCCA6E /* SKTTimingFunctions.m in Sources */ = {isa = PBXBuildFile; fileRef = 3FCB761818EB1DD600FCCA6E /* SKTTimingFunctions.m */; };
		3FCB762318EB1E1000FCCA6E /* libz.dylib in Frameworks */ = {isa = PBXBuildFile; fileRef = 3FCB762218EB1E1000FCCA6E /* libz.dylib */; };
		3FCB762618EB1E4E00FCCA6E /* Player.m in Sources */ = {isa = PBXBuildFile; fileRef = 3FCB762518EB1E4E00FCCA6E /* Player.m */; };
		3FCB763118EB1FA500FCCA6E /* level1.tmx in Resources */ = {isa = PBXBuildFile; fileRef = 3FCB762C18EB1FA500FCCA6E /* level1.tmx */; };
		3FCB763218EB1FA500FCCA6E /* terrain_tiles.png in Resources */ = {isa = PBXBuildFile; fileRef = 3FCB762D18EB1FA500FCCA6E /* terrain_tiles.png */; };
		3FCB763318EB1FA500FCCA6E /* terrain_tiles@2x.png in Resources */ = {isa = PBXBuildFile; fileRef = 3FCB762E18EB1FA500FCCA6E /* terrain_tiles@2x.png */; };
		92139F4918F8D6C000EF3680 /* SLCSpriteSheet.m in Sources */ = {isa = PBXBuildFile; fileRef = 92139F4818F8D6C000EF3680 /* SLCSpriteSheet.m */; };
		9222495018FCFCB7003B64F2 /* walk_anim.atlas in Resources */ = {isa = PBXBuildFile; fileRef = 9222494F18FCFCB7003B64F2 /* walk_anim.atlas */; };
/* End PBXBuildFile section */

/* Begin PBXContainerItemProxy section */
		3FCB75EF18EB1C8300FCCA6E /* PBXContainerItemProxy */ = {
			isa = PBXContainerItemProxy;
			containerPortal = 3FCB75BA18EB1C8300FCCA6E /* Project object */;
			proxyType = 1;
			remoteGlobalIDString = 3FCB75C118EB1C8300FCCA6E;
			remoteInfo = GravityRunner;
		};
/* End PBXContainerItemProxy section */

/* Begin PBXFileReference section */
		3F0BD4DF18FF1104001A57D7 /* Music01.caf */ = {isa = PBXFileReference; lastKnownFileType = file; path = Music01.caf; sourceTree = "<group>"; };
		3F0BD4E118FF120A001A57D7 /* button-fwd.caf */ = {isa = PBXFileReference; lastKnownFileType = file; path = "button-fwd.caf"; sourceTree = "<group>"; };
		3F0BD4E218FF120A001A57D7 /* button-back.caf */ = {isa = PBXFileReference; lastKnownFileType = file; path = "button-back.caf"; sourceTree = "<group>"; };
		3F0BD4E318FF120A001A57D7 /* grav-down.caf */ = {isa = PBXFileReference; lastKnownFileType = file; path = "grav-down.caf"; sourceTree = "<group>"; };
		3F0BD4E418FF120A001A57D7 /* grav-up.caf */ = {isa = PBXFileReference; lastKnownFileType = file; path = "grav-up.caf"; sourceTree = "<group>"; };
		3FCB75C218EB1C8300FCCA6E /* GravityRunner.app */ = {isa = PBXFileReference; explicitFileType = wrapper.application; includeInIndex = 0; path = GravityRunner.app; sourceTree = BUILT_PRODUCTS_DIR; };
		3FCB75C518EB1C8300FCCA6E /* Foundation.framework */ = {isa = PBXFileReference; lastKnownFileType = wrapper.framework; name = Foundation.framework; path = System/Library/Frameworks/Foundation.framework; sourceTree = SDKROOT; };
		3FCB75C718EB1C8300FCCA6E /* CoreGraphics.framework */ = {isa = PBXFileReference; lastKnownFileType = wrapper.framework; name = CoreGraphics.framework; path = System/Library/Frameworks/CoreGraphics.framework; sourceTree = SDKROOT; };
		3FCB75C918EB1C8300FCCA6E /* UIKit.framework */ = {isa = PBXFileReference; lastKnownFileType = wrapper.framework; name = UIKit.framework; path = System/Library/Frameworks/UIKit.framework; sourceTree = SDKROOT; };
		3FCB75CB18EB1C8300FCCA6E /* SpriteKit.framework */ = {isa = PBXFileReference; lastKnownFileType = wrapper.framework; name = SpriteKit.framework; path = System/Library/Frameworks/SpriteKit.framework; sourceTree = SDKROOT; };
		3FCB75CF18EB1C8300FCCA6E /* GravityRunner-Info.plist */ = {isa = PBXFileReference; lastKnownFileType = text.plist.xml; path = "GravityRunner-Info.plist"; sourceTree = "<group>"; };
		3FCB75D118EB1C8300FCCA6E /* en */ = {isa = PBXFileReference; lastKnownFileType = text.plist.strings; name = en; path = en.lproj/InfoPlist.strings; sourceTree = "<group>"; };
		3FCB75D318EB1C8300FCCA6E /* main.m */ = {isa = PBXFileReference; lastKnownFileType = sourcecode.c.objc; path = main.m; sourceTree = "<group>"; };
		3FCB75D518EB1C8300FCCA6E /* GravityRunner-Prefix.pch */ = {isa = PBXFileReference; lastKnownFileType = sourcecode.c.h; path = "GravityRunner-Prefix.pch"; sourceTree = "<group>"; };
		3FCB75D618EB1C8300FCCA6E /* SLCAppDelegate.h */ = {isa = PBXFileReference; lastKnownFileType = sourcecode.c.h; path = SLCAppDelegate.h; sourceTree = "<group>"; };
		3FCB75D718EB1C8300FCCA6E /* SLCAppDelegate.m */ = {isa = PBXFileReference; lastKnownFileType = sourcecode.c.objc; path = SLCAppDelegate.m; sourceTree = "<group>"; };
		3FCB75DA18EB1C8300FCCA6E /* Base */ = {isa = PBXFileReference; lastKnownFileType = file.storyboard; name = Base; path = Base.lproj/Main.storyboard; sourceTree = "<group>"; };
		3FCB75DC18EB1C8300FCCA6E /* SLCViewController.h */ = {isa = PBXFileReference; lastKnownFileType = sourcecode.c.h; path = SLCViewController.h; sourceTree = "<group>"; };
		3FCB75DD18EB1C8300FCCA6E /* SLCViewController.m */ = {isa = PBXFileReference; lastKnownFileType = sourcecode.c.objc; path = SLCViewController.m; sourceTree = "<group>"; };
		3FCB75DF18EB1C8300FCCA6E /* SLCMyScene.h */ = {isa = PBXFileReference; lastKnownFileType = sourcecode.c.h; path = SLCMyScene.h; sourceTree = "<group>"; };
		3FCB75E018EB1C8300FCCA6E /* SLCMyScene.m */ = {isa = PBXFileReference; lastKnownFileType = sourcecode.c.objc; path = SLCMyScene.m; sourceTree = "<group>"; };
		3FCB75E418EB1C8300FCCA6E /* Images.xcassets */ = {isa = PBXFileReference; lastKnownFileType = folder.assetcatalog; path = Images.xcassets; sourceTree = "<group>"; };
		3FCB75EA18EB1C8300FCCA6E /* GravityRunnerTests.xctest */ = {isa = PBXFileReference; explicitFileType = wrapper.cfbundle; includeInIndex = 0; path = GravityRunnerTests.xctest; sourceTree = BUILT_PRODUCTS_DIR; };
		3FCB75EB18EB1C8300FCCA6E /* XCTest.framework */ = {isa = PBXFileReference; lastKnownFileType = wrapper.framework; name = XCTest.framework; path = Library/Frameworks/XCTest.framework; sourceTree = DEVELOPER_DIR; };
		3FCB75F318EB1C8300FCCA6E /* GravityRunnerTests-Info.plist */ = {isa = PBXFileReference; lastKnownFileType = text.plist.xml; path = "GravityRunnerTests-Info.plist"; sourceTree = "<group>"; };
		3FCB75F518EB1C8300FCCA6E /* en */ = {isa = PBXFileReference; lastKnownFileType = text.plist.strings; name = en; path = en.lproj/InfoPlist.strings; sourceTree = "<group>"; };
		3FCB75F718EB1C8300FCCA6E /* GravityRunnerTests.m */ = {isa = PBXFileReference; lastKnownFileType = sourcecode.c.objc; path = GravityRunnerTests.m; sourceTree = "<group>"; };
		3FCB760218EB1DAD00FCCA6E /* JSTileMap.h */ = {isa = PBXFileReference; fileEncoding = 4; lastKnownFileType = sourcecode.c.h; path = JSTileMap.h; sourceTree = "<group>"; };
		3FCB760318EB1DAD00FCCA6E /* JSTileMap.m */ = {isa = PBXFileReference; fileEncoding = 4; lastKnownFileType = sourcecode.c.objc; path = JSTileMap.m; sourceTree = "<group>"; };
		3FCB760418EB1DAD00FCCA6E /* LFCGzipUtility.h */ = {isa = PBXFileReference; fileEncoding = 4; lastKnownFileType = sourcecode.c.h; path = LFCGzipUtility.h; sourceTree = "<group>"; };
		3FCB760518EB1DAD00FCCA6E /* LFCGzipUtility.m */ = {isa = PBXFileReference; fileEncoding = 4; lastKnownFileType = sourcecode.c.objc; path = LFCGzipUtility.m; sourceTree = "<group>"; };
		3FCB760918EB1DD600FCCA6E /* SKAction+SKTExtras.h */ = {isa = PBXFileReference; fileEncoding = 4; lastKnownFileType = sourcecode.c.h; path = "SKAction+SKTExtras.h"; sourceTree = "<group>"; };
		3FCB760A18EB1DD600FCCA6E /* SKAction+SKTExtras.m */ = {isa = PBXFileReference; fileEncoding = 4; lastKnownFileType = sourcecode.c.objc; path = "SKAction+SKTExtras.m"; sourceTree = "<group>"; };
		3FCB760B18EB1DD600FCCA6E /* SKAction+SKTSpecialEffects.h */ = {isa = PBXFileReference; fileEncoding = 4; lastKnownFileType = sourcecode.c.h; path = "SKAction+SKTSpecialEffects.h"; sourceTree = "<group>"; };
		3FCB760C18EB1DD600FCCA6E /* SKAction+SKTSpecialEffects.m */ = {isa = PBXFileReference; fileEncoding = 4; lastKnownFileType = sourcecode.c.objc; path = "SKAction+SKTSpecialEffects.m"; sourceTree = "<group>"; };
		3FCB760D18EB1DD600FCCA6E /* SKEmitterNode+SKTExtras.h */ = {isa = PBXFileReference; fileEncoding = 4; lastKnownFileType = sourcecode.c.h; path = "SKEmitterNode+SKTExtras.h"; sourceTree = "<group>"; };
		3FCB760E18EB1DD600FCCA6E /* SKEmitterNode+SKTExtras.m */ = {isa = PBXFileReference; fileEncoding = 4; lastKnownFileType = sourcecode.c.objc; path = "SKEmitterNode+SKTExtras.m"; sourceTree = "<group>"; };
		3FCB760F18EB1DD600FCCA6E /* SKNode+SKTDebugDraw.h */ = {isa = PBXFileReference; fileEncoding = 4; lastKnownFileType = sourcecode.c.h; path = "SKNode+SKTDebugDraw.h"; sourceTree = "<group>"; };
		3FCB761018EB1DD600FCCA6E /* SKNode+SKTDebugDraw.m */ = {isa = PBXFileReference; fileEncoding = 4; lastKnownFileType = sourcecode.c.objc; path = "SKNode+SKTDebugDraw.m"; sourceTree = "<group>"; };
		3FCB761118EB1DD600FCCA6E /* SKNode+SKTExtras.h */ = {isa = PBXFileReference; fileEncoding = 4; lastKnownFileType = sourcecode.c.h; path = "SKNode+SKTExtras.h"; sourceTree = "<group>"; };
		3FCB761218EB1DD600FCCA6E /* SKNode+SKTExtras.m */ = {isa = PBXFileReference; fileEncoding = 4; lastKnownFileType = sourcecode.c.objc; path = "SKNode+SKTExtras.m"; sourceTree = "<group>"; };
		3FCB761318EB1DD600FCCA6E /* SKTAudio.h */ = {isa = PBXFileReference; fileEncoding = 4; lastKnownFileType = sourcecode.c.h; path = SKTAudio.h; sourceTree = "<group>"; };
		3FCB761418EB1DD600FCCA6E /* SKTAudio.m */ = {isa = PBXFileReference; fileEncoding = 4; lastKnownFileType = sourcecode.c.objc; path = SKTAudio.m; sourceTree = "<group>"; };
		3FCB761518EB1DD600FCCA6E /* SKTEffects.h */ = {isa = PBXFileReference; fileEncoding = 4; lastKnownFileType = sourcecode.c.h; path = SKTEffects.h; sourceTree = "<group>"; };
		3FCB761618EB1DD600FCCA6E /* SKTEffects.m */ = {isa = PBXFileReference; fileEncoding = 4; lastKnownFileType = sourcecode.c.objc; path = SKTEffects.m; sourceTree = "<group>"; };
		3FCB761718EB1DD600FCCA6E /* SKTTimingFunctions.h */ = {isa = PBXFileReference; fileEncoding = 4; lastKnownFileType = sourcecode.c.h; path = SKTTimingFunctions.h; sourceTree = "<group>"; };
		3FCB761818EB1DD600FCCA6E /* SKTTimingFunctions.m */ = {isa = PBXFileReference; fileEncoding = 4; lastKnownFileType = sourcecode.c.objc; path = SKTTimingFunctions.m; sourceTree = "<group>"; };
		3FCB761918EB1DD600FCCA6E /* SKTUtils.h */ = {isa = PBXFileReference; fileEncoding = 4; lastKnownFileType = sourcecode.c.h; path = SKTUtils.h; sourceTree = "<group>"; };
		3FCB762218EB1E1000FCCA6E /* libz.dylib */ = {isa = PBXFileReference; lastKnownFileType = "compiled.mach-o.dylib"; name = libz.dylib; path = usr/lib/libz.dylib; sourceTree = SDKROOT; };
		3FCB762418EB1E4E00FCCA6E /* Player.h */ = {isa = PBXFileReference; fileEncoding = 4; lastKnownFileType = sourcecode.c.h; path = Player.h; sourceTree = "<group>"; };
		3FCB762518EB1E4E00FCCA6E /* Player.m */ = {isa = PBXFileReference; fileEncoding = 4; lastKnownFileType = sourcecode.c.objc; path = Player.m; sourceTree = "<group>"; };
		3FCB762C18EB1FA500FCCA6E /* level1.tmx */ = {isa = PBXFileReference; fileEncoding = 4; lastKnownFileType = text.xml; path = level1.tmx; sourceTree = "<group>"; };
		3FCB762D18EB1FA500FCCA6E /* terrain_tiles.png */ = {isa = PBXFileReference; lastKnownFileType = image.png; path = terrain_tiles.png; sourceTree = "<group>"; };
		3FCB762E18EB1FA500FCCA6E /* terrain_tiles@2x.png */ = {isa = PBXFileReference; lastKnownFileType = image.png; path = "terrain_tiles@2x.png"; sourceTree = "<group>"; };
		92139F4718F8D6C000EF3680 /* SLCSpriteSheet.h */ = {isa = PBXFileReference; fileEncoding = 4; lastKnownFileType = sourcecode.c.h; path = SLCSpriteSheet.h; sourceTree = "<group>"; };
		92139F4818F8D6C000EF3680 /* SLCSpriteSheet.m */ = {isa = PBXFileReference; fileEncoding = 4; lastKnownFileType = sourcecode.c.objc; path = SLCSpriteSheet.m; sourceTree = "<group>"; };
		9222494F18FCFCB7003B64F2 /* walk_anim.atlas */ = {isa = PBXFileReference; lastKnownFileType = folder.skatlas; path = walk_anim.atlas; sourceTree = "<group>"; };
/* End PBXFileReference section */

/* Begin PBXFrameworksBuildPhase section */
		3FCB75BF18EB1C8300FCCA6E /* Frameworks */ = {
			isa = PBXFrameworksBuildPhase;
			buildActionMask = 2147483647;
			files = (
				3FCB762318EB1E1000FCCA6E /* libz.dylib in Frameworks */,
				3FCB75C818EB1C8300FCCA6E /* CoreGraphics.framework in Frameworks */,
				3FCB75CA18EB1C8300FCCA6E /* UIKit.framework in Frameworks */,
				3FCB75CC18EB1C8300FCCA6E /* SpriteKit.framework in Frameworks */,
				3FCB75C618EB1C8300FCCA6E /* Foundation.framework in Frameworks */,
			);
			runOnlyForDeploymentPostprocessing = 0;
		};
		3FCB75E718EB1C8300FCCA6E /* Frameworks */ = {
			isa = PBXFrameworksBuildPhase;
			buildActionMask = 2147483647;
			files = (
				3FCB75EC18EB1C8300FCCA6E /* XCTest.framework in Frameworks */,
				3FCB75EE18EB1C8300FCCA6E /* UIKit.framework in Frameworks */,
				3FCB75ED18EB1C8300FCCA6E /* Foundation.framework in Frameworks */,
			);
			runOnlyForDeploymentPostprocessing = 0;
		};
/* End PBXFrameworksBuildPhase section */

/* Begin PBXGroup section */
		3F0BD4D418FF09C0001A57D7 /* Sounds */ = {
			isa = PBXGroup;
			children = (
				3F0BD4E118FF120A001A57D7 /* button-fwd.caf */,
				3F0BD4E218FF120A001A57D7 /* button-back.caf */,
				3F0BD4E318FF120A001A57D7 /* grav-down.caf */,
				3F0BD4E418FF120A001A57D7 /* grav-up.caf */,
				3F0BD4DF18FF1104001A57D7 /* Music01.caf */,
			);
			path = Sounds;
			sourceTree = "<group>";
		};
		3FCB75B918EB1C8300FCCA6E = {
			isa = PBXGroup;
			children = (
				3FCB75CD18EB1C8300FCCA6E /* GravityRunner */,
				3FCB75F118EB1C8300FCCA6E /* GravityRunnerTests */,
				3FCB75C418EB1C8300FCCA6E /* Frameworks */,
				3FCB75C318EB1C8300FCCA6E /* Products */,
			);
			sourceTree = "<group>";
		};
		3FCB75C318EB1C8300FCCA6E /* Products */ = {
			isa = PBXGroup;
			children = (
				3FCB75C218EB1C8300FCCA6E /* GravityRunner.app */,
				3FCB75EA18EB1C8300FCCA6E /* GravityRunnerTests.xctest */,
			);
			name = Products;
			sourceTree = "<group>";
		};
		3FCB75C418EB1C8300FCCA6E /* Frameworks */ = {
			isa = PBXGroup;
			children = (
				3FCB762218EB1E1000FCCA6E /* libz.dylib */,
				3FCB75C518EB1C8300FCCA6E /* Foundation.framework */,
				3FCB75C718EB1C8300FCCA6E /* CoreGraphics.framework */,
				3FCB75C918EB1C8300FCCA6E /* UIKit.framework */,
				3FCB75CB18EB1C8300FCCA6E /* SpriteKit.framework */,
				3FCB75EB18EB1C8300FCCA6E /* XCTest.framework */,
			);
			name = Frameworks;
			sourceTree = "<group>";
		};
		3FCB75CD18EB1C8300FCCA6E /* GravityRunner */ = {
			isa = PBXGroup;
			children = (
				3FCB762718EB1FA500FCCA6E /* Resources */,
				3FCB762418EB1E4E00FCCA6E /* Player.h */,
				3FCB762518EB1E4E00FCCA6E /* Player.m */,
				3FCB75DC18EB1C8300FCCA6E /* SLCViewController.h */,
				3FCB75DD18EB1C8300FCCA6E /* SLCViewController.m */,
				3FCB75DF18EB1C8300FCCA6E /* SLCMyScene.h */,
				3FCB75E018EB1C8300FCCA6E /* SLCMyScene.m */,
				92139F4718F8D6C000EF3680 /* SLCSpriteSheet.h */,
				92139F4818F8D6C000EF3680 /* SLCSpriteSheet.m */,
				3FCB75CE18EB1C8300FCCA6E /* Supporting Files */,
			);
			path = GravityRunner;
			sourceTree = "<group>";
		};
		3FCB75CE18EB1C8300FCCA6E /* Supporting Files */ = {
			isa = PBXGroup;
			children = (
				3FCB75D618EB1C8300FCCA6E /* SLCAppDelegate.h */,
				3FCB75D718EB1C8300FCCA6E /* SLCAppDelegate.m */,
				3FCB760818EB1DD600FCCA6E /* SKTUtils */,
				3FCB760118EB1D7A00FCCA6E /* JSTileMap */,
				3FCB75E418EB1C8300FCCA6E /* Images.xcassets */,
				3FCB75D918EB1C8300FCCA6E /* Main.storyboard */,
				3FCB75CF18EB1C8300FCCA6E /* GravityRunner-Info.plist */,
				3FCB75D018EB1C8300FCCA6E /* InfoPlist.strings */,
				3FCB75D318EB1C8300FCCA6E /* main.m */,
				3FCB75D518EB1C8300FCCA6E /* GravityRunner-Prefix.pch */,
			);
			name = "Supporting Files";
			sourceTree = "<group>";
		};
		3FCB75F118EB1C8300FCCA6E /* GravityRunnerTests */ = {
			isa = PBXGroup;
			children = (
				3FCB75F718EB1C8300FCCA6E /* GravityRunnerTests.m */,
				3FCB75F218EB1C8300FCCA6E /* Supporting Files */,
			);
			path = GravityRunnerTests;
			sourceTree = "<group>";
		};
		3FCB75F218EB1C8300FCCA6E /* Supporting Files */ = {
			isa = PBXGroup;
			children = (
				3FCB75F318EB1C8300FCCA6E /* GravityRunnerTests-Info.plist */,
				3FCB75F418EB1C8300FCCA6E /* InfoPlist.strings */,
			);
			name = "Supporting Files";
			sourceTree = "<group>";
		};
		3FCB760118EB1D7A00FCCA6E /* JSTileMap */ = {
			isa = PBXGroup;
			children = (
				3FCB760218EB1DAD00FCCA6E /* JSTileMap.h */,
				3FCB760318EB1DAD00FCCA6E /* JSTileMap.m */,
				3FCB760418EB1DAD00FCCA6E /* LFCGzipUtility.h */,
				3FCB760518EB1DAD00FCCA6E /* LFCGzipUtility.m */,
			);
			name = JSTileMap;
			sourceTree = "<group>";
		};
		3FCB760818EB1DD600FCCA6E /* SKTUtils */ = {
			isa = PBXGroup;
			children = (
				3FCB760918EB1DD600FCCA6E /* SKAction+SKTExtras.h */,
				3FCB760A18EB1DD600FCCA6E /* SKAction+SKTExtras.m */,
				3FCB760B18EB1DD600FCCA6E /* SKAction+SKTSpecialEffects.h */,
				3FCB760C18EB1DD600FCCA6E /* SKAction+SKTSpecialEffects.m */,
				3FCB760D18EB1DD600FCCA6E /* SKEmitterNode+SKTExtras.h */,
				3FCB760E18EB1DD600FCCA6E /* SKEmitterNode+SKTExtras.m */,
				3FCB760F18EB1DD600FCCA6E /* SKNode+SKTDebugDraw.h */,
				3FCB761018EB1DD600FCCA6E /* SKNode+SKTDebugDraw.m */,
				3FCB761118EB1DD600FCCA6E /* SKNode+SKTExtras.h */,
				3FCB761218EB1DD600FCCA6E /* SKNode+SKTExtras.m */,
				3FCB761318EB1DD600FCCA6E /* SKTAudio.h */,
				3FCB761418EB1DD600FCCA6E /* SKTAudio.m */,
				3FCB761518EB1DD600FCCA6E /* SKTEffects.h */,
				3FCB761618EB1DD600FCCA6E /* SKTEffects.m */,
				3FCB761718EB1DD600FCCA6E /* SKTTimingFunctions.h */,
				3FCB761818EB1DD600FCCA6E /* SKTTimingFunctions.m */,
				3FCB761918EB1DD600FCCA6E /* SKTUtils.h */,
			);
			path = SKTUtils;
			sourceTree = "<group>";
		};
		3FCB762718EB1FA500FCCA6E /* Resources */ = {
			isa = PBXGroup;
			children = (
				3F0BD4D418FF09C0001A57D7 /* Sounds */,
				3FCB762818EB1FA500FCCA6E /* Images */,
				3FCB762B18EB1FA500FCCA6E /* TMX */,
			);
			path = Resources;
			sourceTree = "<group>";
		};
		3FCB762818EB1FA500FCCA6E /* Images */ = {
			isa = PBXGroup;
			children = (
				9222494F18FCFCB7003B64F2 /* walk_anim.atlas */,
			);
			path = Images;
			sourceTree = "<group>";
		};
		3FCB762B18EB1FA500FCCA6E /* TMX */ = {
			isa = PBXGroup;
			children = (
				3FCB762C18EB1FA500FCCA6E /* level1.tmx */,
				3FCB762D18EB1FA500FCCA6E /* terrain_tiles.png */,
				3FCB762E18EB1FA500FCCA6E /* terrain_tiles@2x.png */,
			);
			path = TMX;
			sourceTree = "<group>";
		};
/* End PBXGroup section */

/* Begin PBXNativeTarget section */
		3FCB75C118EB1C8300FCCA6E /* GravityRunner */ = {
			isa = PBXNativeTarget;
			buildConfigurationList = 3FCB75FB18EB1C8300FCCA6E /* Build configuration list for PBXNativeTarget "GravityRunner" */;
			buildPhases = (
				3FCB75BE18EB1C8300FCCA6E /* Sources */,
				3FCB75BF18EB1C8300FCCA6E /* Frameworks */,
				3FCB75C018EB1C8300FCCA6E /* Resources */,
			);
			buildRules = (
			);
			dependencies = (
			);
			name = GravityRunner;
			productName = GravityRunner;
			productReference = 3FCB75C218EB1C8300FCCA6E /* GravityRunner.app */;
			productType = "com.apple.product-type.application";
		};
		3FCB75E918EB1C8300FCCA6E /* GravityRunnerTests */ = {
			isa = PBXNativeTarget;
			buildConfigurationList = 3FCB75FE18EB1C8300FCCA6E /* Build configuration list for PBXNativeTarget "GravityRunnerTests" */;
			buildPhases = (
				3FCB75E618EB1C8300FCCA6E /* Sources */,
				3FCB75E718EB1C8300FCCA6E /* Frameworks */,
				3FCB75E818EB1C8300FCCA6E /* Resources */,
			);
			buildRules = (
			);
			dependencies = (
				3FCB75F018EB1C8300FCCA6E /* PBXTargetDependency */,
			);
			name = GravityRunnerTests;
			productName = GravityRunnerTests;
			productReference = 3FCB75EA18EB1C8300FCCA6E /* GravityRunnerTests.xctest */;
			productType = "com.apple.product-type.bundle.unit-test";
		};
/* End PBXNativeTarget section */

/* Begin PBXProject section */
		3FCB75BA18EB1C8300FCCA6E /* Project object */ = {
			isa = PBXProject;
			attributes = {
				CLASSPREFIX = SLC;
				LastUpgradeCheck = 0510;
				ORGANIZATIONNAME = edu.stlawrencetech;
				TargetAttributes = {
					3FCB75E918EB1C8300FCCA6E = {
						TestTargetID = 3FCB75C118EB1C8300FCCA6E;
					};
				};
			};
			buildConfigurationList = 3FCB75BD18EB1C8300FCCA6E /* Build configuration list for PBXProject "GravityRunner" */;
			compatibilityVersion = "Xcode 3.2";
			developmentRegion = English;
			hasScannedForEncodings = 0;
			knownRegions = (
				en,
				Base,
			);
			mainGroup = 3FCB75B918EB1C8300FCCA6E;
			productRefGroup = 3FCB75C318EB1C8300FCCA6E /* Products */;
			projectDirPath = "";
			projectRoot = "";
			targets = (
				3FCB75C118EB1C8300FCCA6E /* GravityRunner */,
				3FCB75E918EB1C8300FCCA6E /* GravityRunnerTests */,
			);
		};
/* End PBXProject section */

/* Begin PBXResourcesBuildPhase section */
		3FCB75C018EB1C8300FCCA6E /* Resources */ = {
			isa = PBXResourcesBuildPhase;
			buildActionMask = 2147483647;
			files = (
				3FCB75D218EB1C8300FCCA6E /* InfoPlist.strings in Resources */,
				3FCB75E518EB1C8300FCCA6E /* Images.xcassets in Resources */,
				3FCB75DB18EB1C8300FCCA6E /* Main.storyboard in Resources */,
				3FCB763218EB1FA500FCCA6E /* terrain_tiles.png in Resources */,
				3F0BD4E518FF120A001A57D7 /* button-fwd.caf in Resources */,
				9222495018FCFCB7003B64F2 /* walk_anim.atlas in Resources */,
				3F0BD4E018FF1104001A57D7 /* Music01.caf in Resources */,
				3FCB763318EB1FA500FCCA6E /* terrain_tiles@2x.png in Resources */,
				3FCB763118EB1FA500FCCA6E /* level1.tmx in Resources */,
				3F0BD4E718FF120A001A57D7 /* grav-down.caf in Resources */,
				3F0BD4E618FF120A001A57D7 /* button-back.caf in Resources */,
				3F0BD4E818FF120A001A57D7 /* grav-up.caf in Resources */,
			);
			runOnlyForDeploymentPostprocessing = 0;
		};
		3FCB75E818EB1C8300FCCA6E /* Resources */ = {
			isa = PBXResourcesBuildPhase;
			buildActionMask = 2147483647;
			files = (
				3FCB75F618EB1C8300FCCA6E /* InfoPlist.strings in Resources */,
			);
			runOnlyForDeploymentPostprocessing = 0;
		};
/* End PBXResourcesBuildPhase section */

/* Begin PBXSourcesBuildPhase section */
		3FCB75BE18EB1C8300FCCA6E /* Sources */ = {
			isa = PBXSourcesBuildPhase;
			buildActionMask = 2147483647;
			files = (
				3FCB75D418EB1C8300FCCA6E /* main.m in Sources */,
				3FCB761F18EB1DD600FCCA6E /* SKTAudio.m in Sources */,
				3FCB762118EB1DD600FCCA6E /* SKTTimingFunctions.m in Sources */,
				3FCB761B18EB1DD600FCCA6E /* SKAction+SKTSpecialEffects.m in Sources */,
				3FCB762618EB1E4E00FCCA6E /* Player.m in Sources */,
				3FCB761C18EB1DD600FCCA6E /* SKEmitterNode+SKTExtras.m in Sources */,
				3FCB760618EB1DAD00FCCA6E /* JSTileMap.m in Sources */,
				3FCB75E118EB1C8300FCCA6E /* SLCMyScene.m in Sources */,
				3FCB761A18EB1DD600FCCA6E /* SKAction+SKTExtras.m in Sources */,
				3FCB761D18EB1DD600FCCA6E /* SKNode+SKTDebugDraw.m in Sources */,
				3FCB762018EB1DD600FCCA6E /* SKTEffects.m in Sources */,
				3FCB761E18EB1DD600FCCA6E /* SKNode+SKTExtras.m in Sources */,
				3FCB75D818EB1C8300FCCA6E /* SLCAppDelegate.m in Sources */,
				92139F4918F8D6C000EF3680 /* SLCSpriteSheet.m in Sources */,
				3FCB760718EB1DAD00FCCA6E /* LFCGzipUtility.m in Sources */,
				3FCB75DE18EB1C8300FCCA6E /* SLCViewController.m in Sources */,
			);
			runOnlyForDeploymentPostprocessing = 0;
		};
		3FCB75E618EB1C8300FCCA6E /* Sources */ = {
			isa = PBXSourcesBuildPhase;
			buildActionMask = 2147483647;
			files = (
				3FCB75F818EB1C8300FCCA6E /* GravityRunnerTests.m in Sources */,
			);
			runOnlyForDeploymentPostprocessing = 0;
		};
/* End PBXSourcesBuildPhase section */

/* Begin PBXTargetDependency section */
		3FCB75F018EB1C8300FCCA6E /* PBXTargetDependency */ = {
			isa = PBXTargetDependency;
			target = 3FCB75C118EB1C8300FCCA6E /* GravityRunner */;
			targetProxy = 3FCB75EF18EB1C8300FCCA6E /* PBXContainerItemProxy */;
		};
/* End PBXTargetDependency section */

/* Begin PBXVariantGroup section */
		3FCB75D018EB1C8300FCCA6E /* InfoPlist.strings */ = {
			isa = PBXVariantGroup;
			children = (
				3FCB75D118EB1C8300FCCA6E /* en */,
			);
			name = InfoPlist.strings;
			sourceTree = "<group>";
		};
		3FCB75D918EB1C8300FCCA6E /* Main.storyboard */ = {
			isa = PBXVariantGroup;
			children = (
				3FCB75DA18EB1C8300FCCA6E /* Base */,
			);
			name = Main.storyboard;
			sourceTree = "<group>";
		};
		3FCB75F418EB1C8300FCCA6E /* InfoPlist.strings */ = {
			isa = PBXVariantGroup;
			children = (
				3FCB75F518EB1C8300FCCA6E /* en */,
			);
			name = InfoPlist.strings;
			sourceTree = "<group>";
		};
/* End PBXVariantGroup section */

/* Begin XCBuildConfiguration section */
		3FCB75F918EB1C8300FCCA6E /* Debug */ = {
			isa = XCBuildConfiguration;
			buildSettings = {
				ALWAYS_SEARCH_USER_PATHS = NO;
				CLANG_CXX_LANGUAGE_STANDARD = "gnu++0x";
				CLANG_CXX_LIBRARY = "libc++";
				CLANG_ENABLE_MODULES = YES;
				CLANG_ENABLE_OBJC_ARC = YES;
				CLANG_WARN_BOOL_CONVERSION = YES;
				CLANG_WARN_CONSTANT_CONVERSION = YES;
				CLANG_WARN_DIRECT_OBJC_ISA_USAGE = YES_ERROR;
				CLANG_WARN_EMPTY_BODY = YES;
				CLANG_WARN_ENUM_CONVERSION = YES;
				CLANG_WARN_INT_CONVERSION = YES;
				CLANG_WARN_OBJC_ROOT_CLASS = YES_ERROR;
				CLANG_WARN__DUPLICATE_METHOD_MATCH = YES;
				"CODE_SIGN_IDENTITY[sdk=iphoneos*]" = "iPhone Developer";
				COPY_PHASE_STRIP = NO;
				GCC_C_LANGUAGE_STANDARD = gnu99;
				GCC_DYNAMIC_NO_PIC = NO;
				GCC_OPTIMIZATION_LEVEL = 0;
				GCC_PREPROCESSOR_DEFINITIONS = (
					"DEBUG=1",
					"$(inherited)",
				);
				GCC_SYMBOLS_PRIVATE_EXTERN = NO;
				GCC_WARN_64_TO_32_BIT_CONVERSION = YES;
				GCC_WARN_ABOUT_RETURN_TYPE = YES_ERROR;
				GCC_WARN_UNDECLARED_SELECTOR = YES;
				GCC_WARN_UNINITIALIZED_AUTOS = YES_AGGRESSIVE;
				GCC_WARN_UNUSED_FUNCTION = YES;
				GCC_WARN_UNUSED_VARIABLE = YES;
				IPHONEOS_DEPLOYMENT_TARGET = 7.1;
				ONLY_ACTIVE_ARCH = YES;
				SDKROOT = iphoneos;
				TARGETED_DEVICE_FAMILY = 2;
			};
			name = Debug;
		};
		3FCB75FA18EB1C8300FCCA6E /* Release */ = {
			isa = XCBuildConfiguration;
			buildSettings = {
				ALWAYS_SEARCH_USER_PATHS = NO;
				CLANG_CXX_LANGUAGE_STANDARD = "gnu++0x";
				CLANG_CXX_LIBRARY = "libc++";
				CLANG_ENABLE_MODULES = YES;
				CLANG_ENABLE_OBJC_ARC = YES;
				CLANG_WARN_BOOL_CONVERSION = YES;
				CLANG_WARN_CONSTANT_CONVERSION = YES;
				CLANG_WARN_DIRECT_OBJC_ISA_USAGE = YES_ERROR;
				CLANG_WARN_EMPTY_BODY = YES;
				CLANG_WARN_ENUM_CONVERSION = YES;
				CLANG_WARN_INT_CONVERSION = YES;
				CLANG_WARN_OBJC_ROOT_CLASS = YES_ERROR;
				CLANG_WARN__DUPLICATE_METHOD_MATCH = YES;
				"CODE_SIGN_IDENTITY[sdk=iphoneos*]" = "iPhone Developer";
				COPY_PHASE_STRIP = YES;
				ENABLE_NS_ASSERTIONS = NO;
				GCC_C_LANGUAGE_STANDARD = gnu99;
				GCC_WARN_64_TO_32_BIT_CONVERSION = YES;
				GCC_WARN_ABOUT_RETURN_TYPE = YES_ERROR;
				GCC_WARN_UNDECLARED_SELECTOR = YES;
				GCC_WARN_UNINITIALIZED_AUTOS = YES_AGGRESSIVE;
				GCC_WARN_UNUSED_FUNCTION = YES;
				GCC_WARN_UNUSED_VARIABLE = YES;
				IPHONEOS_DEPLOYMENT_TARGET = 7.1;
				SDKROOT = iphoneos;
				TARGETED_DEVICE_FAMILY = 2;
				VALIDATE_PRODUCT = YES;
			};
			name = Release;
		};
		3FCB75FC18EB1C8300FCCA6E /* Debug */ = {
			isa = XCBuildConfiguration;
			buildSettings = {
				ASSETCATALOG_COMPILER_APPICON_NAME = AppIcon;
				ASSETCATALOG_COMPILER_LAUNCHIMAGE_NAME = LaunchImage;
				GCC_PRECOMPILE_PREFIX_HEADER = YES;
				GCC_PREFIX_HEADER = "GravityRunner/GravityRunner-Prefix.pch";
				INFOPLIST_FILE = "GravityRunner/GravityRunner-Info.plist";
				PRODUCT_NAME = "$(TARGET_NAME)";
				SPRITEKIT_TEXTURE_ATLAS_OUTPUT = YES;
				WRAPPER_EXTENSION = app;
			};
			name = Debug;
		};
		3FCB75FD18EB1C8300FCCA6E /* Release */ = {
			isa = XCBuildConfiguration;
			buildSettings = {
				ASSETCATALOG_COMPILER_APPICON_NAME = AppIcon;
				ASSETCATALOG_COMPILER_LAUNCHIMAGE_NAME = LaunchImage;
				GCC_PRECOMPILE_PREFIX_HEADER = YES;
				GCC_PREFIX_HEADER = "GravityRunner/GravityRunner-Prefix.pch";
				INFOPLIST_FILE = "GravityRunner/GravityRunner-Info.plist";
				PRODUCT_NAME = "$(TARGET_NAME)";
				SPRITEKIT_TEXTURE_ATLAS_OUTPUT = YES;
				WRAPPER_EXTENSION = app;
			};
			name = Release;
		};
		3FCB75FF18EB1C8300FCCA6E /* Debug */ = {
			isa = XCBuildConfiguration;
			buildSettings = {
				BUNDLE_LOADER = "$(BUILT_PRODUCTS_DIR)/GravityRunner.app/GravityRunner";
				FRAMEWORK_SEARCH_PATHS = (
					"$(SDKROOT)/Developer/Library/Frameworks",
					"$(inherited)",
					"$(DEVELOPER_FRAMEWORKS_DIR)",
				);
				GCC_PRECOMPILE_PREFIX_HEADER = YES;
				GCC_PREFIX_HEADER = "GravityRunner/GravityRunner-Prefix.pch";
				GCC_PREPROCESSOR_DEFINITIONS = (
					"DEBUG=1",
					"$(inherited)",
				);
				INFOPLIST_FILE = "GravityRunnerTests/GravityRunnerTests-Info.plist";
				PRODUCT_NAME = "$(TARGET_NAME)";
				TEST_HOST = "$(BUNDLE_LOADER)";
				WRAPPER_EXTENSION = xctest;
			};
			name = Debug;
		};
		3FCB760018EB1C8300FCCA6E /* Release */ = {
			isa = XCBuildConfiguration;
			buildSettings = {
				BUNDLE_LOADER = "$(BUILT_PRODUCTS_DIR)/GravityRunner.app/GravityRunner";
				FRAMEWORK_SEARCH_PATHS = (
					"$(SDKROOT)/Developer/Library/Frameworks",
					"$(inherited)",
					"$(DEVELOPER_FRAMEWORKS_DIR)",
				);
				GCC_PRECOMPILE_PREFIX_HEADER = YES;
				GCC_PREFIX_HEADER = "GravityRunner/GravityRunner-Prefix.pch";
				INFOPLIST_FILE = "GravityRunnerTests/GravityRunnerTests-Info.plist";
				PRODUCT_NAME = "$(TARGET_NAME)";
				TEST_HOST = "$(BUNDLE_LOADER)";
				WRAPPER_EXTENSION = xctest;
			};
			name = Release;
		};
/* End XCBuildConfiguration section */

/* Begin XCConfigurationList section */
		3FCB75BD18EB1C8300FCCA6E /* Build configuration list for PBXProject "GravityRunner" */ = {
			isa = XCConfigurationList;
			buildConfigurations = (
				3FCB75F918EB1C8300FCCA6E /* Debug */,
				3FCB75FA18EB1C8300FCCA6E /* Release */,
			);
			defaultConfigurationIsVisible = 0;
			defaultConfigurationName = Release;
		};
		3FCB75FB18EB1C8300FCCA6E /* Build configuration list for PBXNativeTarget "GravityRunner" */ = {
			isa = XCConfigurationList;
			buildConfigurations = (
				3FCB75FC18EB1C8300FCCA6E /* Debug */,
				3FCB75FD18EB1C8300FCCA6E /* Release */,
			);
			defaultConfigurationIsVisible = 0;
			defaultConfigurationName = Release;
		};
		3FCB75FE18EB1C8300FCCA6E /* Build configuration list for PBXNativeTarget "GravityRunnerTests" */ = {
			isa = XCConfigurationList;
			buildConfigurations = (
				3FCB75FF18EB1C8300FCCA6E /* Debug */,
				3FCB760018EB1C8300FCCA6E /* Release */,
			);
			defaultConfigurationIsVisible = 0;
			defaultConfigurationName = Release;
		};
/* End XCConfigurationList section */
	};
	rootObject = 3FCB75BA18EB1C8300FCCA6E /* Project object */;
}
